
Microsoft Visual Studio Solution File, Format Version 12.00
# Visual Studio Version 16
VisualStudioVersion = 16.0.30907.101
MinimumVisualStudioVersion = 10.0.40219.1
Project("{FAE04EC0-301F-11D3-BF4B-00C04F79EFBC}") = "Aurora.Core", "AuroraCore\Aurora.Core.csproj", "{AC4AD65F-13F6-452F-BC30-DC1A784FB660}"
	ProjectSection(ProjectDependencies) = postProject
		{00B8129E-6DA3-4A69-9FF3-FDC1A3B934C4} = {00B8129E-6DA3-4A69-9FF3-FDC1A3B934C4}
	EndProjectSection
EndProject
Project("{8BC9CEB8-8B4A-11D0-8D11-00A0C91BC942}") = "Aurora.Native", "AuroraNative\AuroraNative.vcxproj", "{00B8129E-6DA3-4A69-9FF3-FDC1A3B934C4}"
EndProject
Project("{2150E333-8FDC-42A3-9474-1A3956D46DE8}") = "samples", "samples", "{2FD0EE65-0654-4C1D-97FE-C04FDBA2338E}"
EndProject
Project("{2150E333-8FDC-42A3-9474-1A3956D46DE8}") = "tests", "tests", "{2CE620AE-F5E0-4EEE-A070-D7BD82227691}"
EndProject
Project("{FAE04EC0-301F-11D3-BF4B-00C04F79EFBC}") = "Aurora.Sample.ContentBuilder", "samples\Aurora.Sample.ContentBuilderWPF\Aurora.Sample.ContentBuilder.csproj", "{BFB66A77-3ECA-45D2-9865-A558CF11E55C}"
EndProject
Project("{FAE04EC0-301F-11D3-BF4B-00C04F79EFBC}") = "Aurora.Sample.ContentImporter", "samples\Aurora.Sample.ContentImporter\Aurora.Sample.ContentImporter.csproj", "{2C774A7E-DD9C-4C53-A07B-B8B329691646}"
EndProject
Project("{FAE04EC0-301F-11D3-BF4B-00C04F79EFBC}") = "Aurora.Sample.Effects", "samples\Aurora.Sample.Effects\Aurora.Sample.Effects.csproj", "{C4E0DF0D-A037-4C7A-9AE2-C6E52863D847}"
EndProject
Project("{FAE04EC0-301F-11D3-BF4B-00C04F79EFBC}") = "Aurora.Sample.Editor", "samples\Aurora.Sample.Editor\Aurora.Sample.Editor.csproj", "{E3989160-0269-4EEC-BC5C-C8FF4DB2F901}"
EndProject
Project("{9A19103F-16F7-4668-BE54-9A1E7A4F7556}") = "Aurora.Core.Tests", "Aurora.Core.UnitTests\Aurora.Core.Tests.csproj", "{2FEA1F7C-0A8B-4341-8AD5-ECE7A85044AF}"
EndProject
Project("{FAE04EC0-301F-11D3-BF4B-00C04F79EFBC}") = "Aurora.Samples.GameUI", "samples\Aurora.Samples.GameUI\Aurora.Samples.GameUI.csproj", "{1C4BA4A3-E12A-4925-9CB4-85451F026A58}"
EndProject
Project("{FAE04EC0-301F-11D3-BF4B-00C04F79EFBC}") = "Aurora.Core.Editor", "Aurora.Core.Editor\Aurora.Core.Editor.csproj", "{FCA357D8-5D47-425C-B290-D804DCCEC468}"
EndProject
Global
	GlobalSection(SolutionConfigurationPlatforms) = preSolution
		Debug|Any CPU = Debug|Any CPU
		Debug|x64 = Debug|x64
		Debug|x86 = Debug|x86
		Debug64|Any CPU = Debug64|Any CPU
		Debug64|x64 = Debug64|x64
		Debug64|x86 = Debug64|x86
		Release|Any CPU = Release|Any CPU
		Release|x64 = Release|x64
		Release|x86 = Release|x86
	EndGlobalSection
	GlobalSection(ProjectConfigurationPlatforms) = postSolution
		{AC4AD65F-13F6-452F-BC30-DC1A784FB660}.Debug|Any CPU.ActiveCfg = Debug|Any CPU
		{AC4AD65F-13F6-452F-BC30-DC1A784FB660}.Debug|Any CPU.Build.0 = Debug|Any CPU
		{AC4AD65F-13F6-452F-BC30-DC1A784FB660}.Debug|x64.ActiveCfg = Debug|Any CPU
		{AC4AD65F-13F6-452F-BC30-DC1A784FB660}.Debug|x64.Build.0 = Debug|Any CPU
		{AC4AD65F-13F6-452F-BC30-DC1A784FB660}.Debug|x86.ActiveCfg = Debug|Any CPU
		{AC4AD65F-13F6-452F-BC30-DC1A784FB660}.Debug|x86.Build.0 = Debug|Any CPU
		{AC4AD65F-13F6-452F-BC30-DC1A784FB660}.Debug64|Any CPU.ActiveCfg = Debug64|Any CPU
		{AC4AD65F-13F6-452F-BC30-DC1A784FB660}.Debug64|Any CPU.Build.0 = Debug64|Any CPU
		{AC4AD65F-13F6-452F-BC30-DC1A784FB660}.Debug64|x64.ActiveCfg = Debug64|Any CPU
		{AC4AD65F-13F6-452F-BC30-DC1A784FB660}.Debug64|x64.Build.0 = Debug64|Any CPU
		{AC4AD65F-13F6-452F-BC30-DC1A784FB660}.Debug64|x86.ActiveCfg = Debug64|Any CPU
		{AC4AD65F-13F6-452F-BC30-DC1A784FB660}.Debug64|x86.Build.0 = Debug64|Any CPU
		{AC4AD65F-13F6-452F-BC30-DC1A784FB660}.Release|Any CPU.ActiveCfg = Release|Any CPU
		{AC4AD65F-13F6-452F-BC30-DC1A784FB660}.Release|Any CPU.Build.0 = Release|Any CPU
		{AC4AD65F-13F6-452F-BC30-DC1A784FB660}.Release|x64.ActiveCfg = Release|Any CPU
		{AC4AD65F-13F6-452F-BC30-DC1A784FB660}.Release|x64.Build.0 = Release|Any CPU
		{AC4AD65F-13F6-452F-BC30-DC1A784FB660}.Release|x86.ActiveCfg = Release|Any CPU
		{AC4AD65F-13F6-452F-BC30-DC1A784FB660}.Release|x86.Build.0 = Release|Any CPU
		{00B8129E-6DA3-4A69-9FF3-FDC1A3B934C4}.Debug|Any CPU.ActiveCfg = Debug|Win32
		{00B8129E-6DA3-4A69-9FF3-FDC1A3B934C4}.Debug|x64.ActiveCfg = Debug|x64
		{00B8129E-6DA3-4A69-9FF3-FDC1A3B934C4}.Debug|x64.Build.0 = Debug|x64
		{00B8129E-6DA3-4A69-9FF3-FDC1A3B934C4}.Debug|x86.ActiveCfg = Debug|Win32
		{00B8129E-6DA3-4A69-9FF3-FDC1A3B934C4}.Debug|x86.Build.0 = Debug|Win32
		{00B8129E-6DA3-4A69-9FF3-FDC1A3B934C4}.Debug64|Any CPU.ActiveCfg = Debug64|Win32
		{00B8129E-6DA3-4A69-9FF3-FDC1A3B934C4}.Debug64|x64.ActiveCfg = Debug64|x64
		{00B8129E-6DA3-4A69-9FF3-FDC1A3B934C4}.Debug64|x64.Build.0 = Debug64|x64
		{00B8129E-6DA3-4A69-9FF3-FDC1A3B934C4}.Debug64|x86.ActiveCfg = Debug64|Win32
		{00B8129E-6DA3-4A69-9FF3-FDC1A3B934C4}.Debug64|x86.Build.0 = Debug64|Win32
		{00B8129E-6DA3-4A69-9FF3-FDC1A3B934C4}.Release|Any CPU.ActiveCfg = Release|Win32
		{00B8129E-6DA3-4A69-9FF3-FDC1A3B934C4}.Release|x64.ActiveCfg = Release|x64
		{00B8129E-6DA3-4A69-9FF3-FDC1A3B934C4}.Release|x64.Build.0 = Release|x64
		{00B8129E-6DA3-4A69-9FF3-FDC1A3B934C4}.Release|x86.ActiveCfg = Release|Win32
		{00B8129E-6DA3-4A69-9FF3-FDC1A3B934C4}.Release|x86.Build.0 = Release|Win32
		{BFB66A77-3ECA-45D2-9865-A558CF11E55C}.Debug|Any CPU.ActiveCfg = Debug|Any CPU
		{BFB66A77-3ECA-45D2-9865-A558CF11E55C}.Debug|Any CPU.Build.0 = Debug|Any CPU
		{BFB66A77-3ECA-45D2-9865-A558CF11E55C}.Debug|x64.ActiveCfg = Debug|Any CPU
		{BFB66A77-3ECA-45D2-9865-A558CF11E55C}.Debug|x64.Build.0 = Debug|Any CPU
		{BFB66A77-3ECA-45D2-9865-A558CF11E55C}.Debug|x86.ActiveCfg = Debug|Any CPU
		{BFB66A77-3ECA-45D2-9865-A558CF11E55C}.Debug|x86.Build.0 = Debug|Any CPU
		{BFB66A77-3ECA-45D2-9865-A558CF11E55C}.Debug64|Any CPU.ActiveCfg = Debug|Any CPU
		{BFB66A77-3ECA-45D2-9865-A558CF11E55C}.Debug64|Any CPU.Build.0 = Debug|Any CPU
		{BFB66A77-3ECA-45D2-9865-A558CF11E55C}.Debug64|x64.ActiveCfg = Debug|Any CPU
		{BFB66A77-3ECA-45D2-9865-A558CF11E55C}.Debug64|x64.Build.0 = Debug|Any CPU
		{BFB66A77-3ECA-45D2-9865-A558CF11E55C}.Debug64|x86.ActiveCfg = Debug|Any CPU
		{BFB66A77-3ECA-45D2-9865-A558CF11E55C}.Debug64|x86.Build.0 = Debug|Any CPU
		{BFB66A77-3ECA-45D2-9865-A558CF11E55C}.Release|Any CPU.ActiveCfg = Release|Any CPU
		{BFB66A77-3ECA-45D2-9865-A558CF11E55C}.Release|Any CPU.Build.0 = Release|Any CPU
		{BFB66A77-3ECA-45D2-9865-A558CF11E55C}.Release|x64.ActiveCfg = Release|Any CPU
		{BFB66A77-3ECA-45D2-9865-A558CF11E55C}.Release|x64.Build.0 = Release|Any CPU
		{BFB66A77-3ECA-45D2-9865-A558CF11E55C}.Release|x86.ActiveCfg = Release|Any CPU
		{BFB66A77-3ECA-45D2-9865-A558CF11E55C}.Release|x86.Build.0 = Release|Any CPU
		{2C774A7E-DD9C-4C53-A07B-B8B329691646}.Debug|Any CPU.ActiveCfg = Debug|Any CPU
		{2C774A7E-DD9C-4C53-A07B-B8B329691646}.Debug|Any CPU.Build.0 = Debug|Any CPU
		{2C774A7E-DD9C-4C53-A07B-B8B329691646}.Debug|x64.ActiveCfg = Debug|Any CPU
		{2C774A7E-DD9C-4C53-A07B-B8B329691646}.Debug|x64.Build.0 = Debug|Any CPU
		{2C774A7E-DD9C-4C53-A07B-B8B329691646}.Debug|x86.ActiveCfg = Debug|Any CPU
		{2C774A7E-DD9C-4C53-A07B-B8B329691646}.Debug|x86.Build.0 = Debug|Any CPU
		{2C774A7E-DD9C-4C53-A07B-B8B329691646}.Debug64|Any CPU.ActiveCfg = Debug|Any CPU
		{2C774A7E-DD9C-4C53-A07B-B8B329691646}.Debug64|Any CPU.Build.0 = Debug|Any CPU
		{2C774A7E-DD9C-4C53-A07B-B8B329691646}.Debug64|x64.ActiveCfg = Debug|Any CPU
		{2C774A7E-DD9C-4C53-A07B-B8B329691646}.Debug64|x64.Build.0 = Debug|Any CPU
		{2C774A7E-DD9C-4C53-A07B-B8B329691646}.Debug64|x86.ActiveCfg = Debug|Any CPU
		{2C774A7E-DD9C-4C53-A07B-B8B329691646}.Debug64|x86.Build.0 = Debug|Any CPU
		{2C774A7E-DD9C-4C53-A07B-B8B329691646}.Release|Any CPU.ActiveCfg = Release|Any CPU
		{2C774A7E-DD9C-4C53-A07B-B8B329691646}.Release|Any CPU.Build.0 = Release|Any CPU
		{2C774A7E-DD9C-4C53-A07B-B8B329691646}.Release|x64.ActiveCfg = Release|Any CPU
		{2C774A7E-DD9C-4C53-A07B-B8B329691646}.Release|x64.Build.0 = Release|Any CPU
		{2C774A7E-DD9C-4C53-A07B-B8B329691646}.Release|x86.ActiveCfg = Release|Any CPU
		{2C774A7E-DD9C-4C53-A07B-B8B329691646}.Release|x86.Build.0 = Release|Any CPU
		{C4E0DF0D-A037-4C7A-9AE2-C6E52863D847}.Debug|Any CPU.ActiveCfg = Debug|Any CPU
		{C4E0DF0D-A037-4C7A-9AE2-C6E52863D847}.Debug|Any CPU.Build.0 = Debug|Any CPU
		{C4E0DF0D-A037-4C7A-9AE2-C6E52863D847}.Debug|x64.ActiveCfg = Debug|Any CPU
		{C4E0DF0D-A037-4C7A-9AE2-C6E52863D847}.Debug|x64.Build.0 = Debug|Any CPU
		{C4E0DF0D-A037-4C7A-9AE2-C6E52863D847}.Debug|x86.ActiveCfg = Debug|Any CPU
		{C4E0DF0D-A037-4C7A-9AE2-C6E52863D847}.Debug|x86.Build.0 = Debug|Any CPU
		{C4E0DF0D-A037-4C7A-9AE2-C6E52863D847}.Debug64|Any CPU.ActiveCfg = Debug|Any CPU
		{C4E0DF0D-A037-4C7A-9AE2-C6E52863D847}.Debug64|Any CPU.Build.0 = Debug|Any CPU
		{C4E0DF0D-A037-4C7A-9AE2-C6E52863D847}.Debug64|x64.ActiveCfg = Debug|Any CPU
		{C4E0DF0D-A037-4C7A-9AE2-C6E52863D847}.Debug64|x64.Build.0 = Debug|Any CPU
		{C4E0DF0D-A037-4C7A-9AE2-C6E52863D847}.Debug64|x86.ActiveCfg = Debug|Any CPU
		{C4E0DF0D-A037-4C7A-9AE2-C6E52863D847}.Debug64|x86.Build.0 = Debug|Any CPU
		{C4E0DF0D-A037-4C7A-9AE2-C6E52863D847}.Release|Any CPU.ActiveCfg = Release|Any CPU
		{C4E0DF0D-A037-4C7A-9AE2-C6E52863D847}.Release|Any CPU.Build.0 = Release|Any CPU
		{C4E0DF0D-A037-4C7A-9AE2-C6E52863D847}.Release|x64.ActiveCfg = Release|Any CPU
		{C4E0DF0D-A037-4C7A-9AE2-C6E52863D847}.Release|x64.Build.0 = Release|Any CPU
		{C4E0DF0D-A037-4C7A-9AE2-C6E52863D847}.Release|x86.ActiveCfg = Release|Any CPU
		{C4E0DF0D-A037-4C7A-9AE2-C6E52863D847}.Release|x86.Build.0 = Release|Any CPU
		{E3989160-0269-4EEC-BC5C-C8FF4DB2F901}.Debug|Any CPU.ActiveCfg = Debug|Any CPU
		{E3989160-0269-4EEC-BC5C-C8FF4DB2F901}.Debug|Any CPU.Build.0 = Debug|Any CPU
		{E3989160-0269-4EEC-BC5C-C8FF4DB2F901}.Debug|x64.ActiveCfg = Debug|Any CPU
		{E3989160-0269-4EEC-BC5C-C8FF4DB2F901}.Debug|x64.Build.0 = Debug|Any CPU
		{E3989160-0269-4EEC-BC5C-C8FF4DB2F901}.Debug|x86.ActiveCfg = Debug|Any CPU
		{E3989160-0269-4EEC-BC5C-C8FF4DB2F901}.Debug|x86.Build.0 = Debug|Any CPU
		{E3989160-0269-4EEC-BC5C-C8FF4DB2F901}.Debug64|Any CPU.ActiveCfg = Debug|Any CPU
		{E3989160-0269-4EEC-BC5C-C8FF4DB2F901}.Debug64|Any CPU.Build.0 = Debug|Any CPU
		{E3989160-0269-4EEC-BC5C-C8FF4DB2F901}.Debug64|x64.ActiveCfg = Debug|Any CPU
		{E3989160-0269-4EEC-BC5C-C8FF4DB2F901}.Debug64|x64.Build.0 = Debug|Any CPU
		{E3989160-0269-4EEC-BC5C-C8FF4DB2F901}.Debug64|x86.ActiveCfg = Debug|Any CPU
		{E3989160-0269-4EEC-BC5C-C8FF4DB2F901}.Debug64|x86.Build.0 = Debug|Any CPU
		{E3989160-0269-4EEC-BC5C-C8FF4DB2F901}.Release|Any CPU.ActiveCfg = Release|Any CPU
		{E3989160-0269-4EEC-BC5C-C8FF4DB2F901}.Release|Any CPU.Build.0 = Release|Any CPU
		{E3989160-0269-4EEC-BC5C-C8FF4DB2F901}.Release|x64.ActiveCfg = Release|Any CPU
		{E3989160-0269-4EEC-BC5C-C8FF4DB2F901}.Release|x64.Build.0 = Release|Any CPU
		{E3989160-0269-4EEC-BC5C-C8FF4DB2F901}.Release|x86.ActiveCfg = Release|Any CPU
		{E3989160-0269-4EEC-BC5C-C8FF4DB2F901}.Release|x86.Build.0 = Release|Any CPU
		{2FEA1F7C-0A8B-4341-8AD5-ECE7A85044AF}.Debug|Any CPU.ActiveCfg = Debug|Any CPU
		{2FEA1F7C-0A8B-4341-8AD5-ECE7A85044AF}.Debug|Any CPU.Build.0 = Debug|Any CPU
		{2FEA1F7C-0A8B-4341-8AD5-ECE7A85044AF}.Debug|x64.ActiveCfg = Debug|Any CPU
		{2FEA1F7C-0A8B-4341-8AD5-ECE7A85044AF}.Debug|x64.Build.0 = Debug|Any CPU
		{2FEA1F7C-0A8B-4341-8AD5-ECE7A85044AF}.Debug|x86.ActiveCfg = Debug|Any CPU
		{2FEA1F7C-0A8B-4341-8AD5-ECE7A85044AF}.Debug|x86.Build.0 = Debug|Any CPU
		{2FEA1F7C-0A8B-4341-8AD5-ECE7A85044AF}.Debug64|Any CPU.ActiveCfg = Debug|Any CPU
		{2FEA1F7C-0A8B-4341-8AD5-ECE7A85044AF}.Debug64|Any CPU.Build.0 = Debug|Any CPU
		{2FEA1F7C-0A8B-4341-8AD5-ECE7A85044AF}.Debug64|x64.ActiveCfg = Debug|Any CPU
		{2FEA1F7C-0A8B-4341-8AD5-ECE7A85044AF}.Debug64|x64.Build.0 = Debug|Any CPU
		{2FEA1F7C-0A8B-4341-8AD5-ECE7A85044AF}.Debug64|x86.ActiveCfg = Debug|Any CPU
		{2FEA1F7C-0A8B-4341-8AD5-ECE7A85044AF}.Debug64|x86.Build.0 = Debug|Any CPU
		{2FEA1F7C-0A8B-4341-8AD5-ECE7A85044AF}.Release|Any CPU.ActiveCfg = Release|Any CPU
		{2FEA1F7C-0A8B-4341-8AD5-ECE7A85044AF}.Release|Any CPU.Build.0 = Release|Any CPU
		{2FEA1F7C-0A8B-4341-8AD5-ECE7A85044AF}.Release|x64.ActiveCfg = Release|Any CPU
		{2FEA1F7C-0A8B-4341-8AD5-ECE7A85044AF}.Release|x64.Build.0 = Release|Any CPU
		{2FEA1F7C-0A8B-4341-8AD5-ECE7A85044AF}.Release|x86.ActiveCfg = Release|Any CPU
		{2FEA1F7C-0A8B-4341-8AD5-ECE7A85044AF}.Release|x86.Build.0 = Release|Any CPU
		{1C4BA4A3-E12A-4925-9CB4-85451F026A58}.Debug|Any CPU.ActiveCfg = Debug|Any CPU
		{1C4BA4A3-E12A-4925-9CB4-85451F026A58}.Debug|Any CPU.Build.0 = Debug|Any CPU
		{1C4BA4A3-E12A-4925-9CB4-85451F026A58}.Debug|x64.ActiveCfg = Debug|Any CPU
		{1C4BA4A3-E12A-4925-9CB4-85451F026A58}.Debug|x64.Build.0 = Debug|Any CPU
		{1C4BA4A3-E12A-4925-9CB4-85451F026A58}.Debug|x86.ActiveCfg = Debug|Any CPU
		{1C4BA4A3-E12A-4925-9CB4-85451F026A58}.Debug|x86.Build.0 = Debug|Any CPU
		{1C4BA4A3-E12A-4925-9CB4-85451F026A58}.Debug64|Any CPU.ActiveCfg = Debug|Any CPU
		{1C4BA4A3-E12A-4925-9CB4-85451F026A58}.Debug64|Any CPU.Build.0 = Debug|Any CPU
		{1C4BA4A3-E12A-4925-9CB4-85451F026A58}.Debug64|x64.ActiveCfg = Debug|Any CPU
		{1C4BA4A3-E12A-4925-9CB4-85451F026A58}.Debug64|x64.Build.0 = Debug|Any CPU
		{1C4BA4A3-E12A-4925-9CB4-85451F026A58}.Debug64|x86.ActiveCfg = Debug|Any CPU
		{1C4BA4A3-E12A-4925-9CB4-85451F026A58}.Debug64|x86.Build.0 = Debug|Any CPU
		{1C4BA4A3-E12A-4925-9CB4-85451F026A58}.Release|Any CPU.ActiveCfg = Release|Any CPU
		{1C4BA4A3-E12A-4925-9CB4-85451F026A58}.Release|Any CPU.Build.0 = Release|Any CPU
		{1C4BA4A3-E12A-4925-9CB4-85451F026A58}.Release|x64.ActiveCfg = Release|Any CPU
		{1C4BA4A3-E12A-4925-9CB4-85451F026A58}.Release|x64.Build.0 = Release|Any CPU
		{1C4BA4A3-E12A-4925-9CB4-85451F026A58}.Release|x86.ActiveCfg = Release|Any CPU
		{1C4BA4A3-E12A-4925-9CB4-85451F026A58}.Release|x86.Build.0 = Release|Any CPU
		{FCA357D8-5D47-425C-B290-D804DCCEC468}.Debug|Any CPU.ActiveCfg = Debug|Any CPU
		{FCA357D8-5D47-425C-B290-D804DCCEC468}.Debug|Any CPU.Build.0 = Debug|Any CPU
		{FCA357D8-5D47-425C-B290-D804DCCEC468}.Debug|x64.ActiveCfg = Debug|Any CPU
		{FCA357D8-5D47-425C-B290-D804DCCEC468}.Debug|x64.Build.0 = Debug|Any CPU
		{FCA357D8-5D47-425C-B290-D804DCCEC468}.Debug|x86.ActiveCfg = Debug|Any CPU
		{FCA357D8-5D47-425C-B290-D804DCCEC468}.Debug|x86.Build.0 = Debug|Any CPU
		{FCA357D8-5D47-425C-B290-D804DCCEC468}.Debug64|Any CPU.ActiveCfg = Debug|Any CPU
		{FCA357D8-5D47-425C-B290-D804DCCEC468}.Debug64|Any CPU.Build.0 = Debug|Any CPU
		{FCA357D8-5D47-425C-B290-D804DCCEC468}.Debug64|x64.ActiveCfg = Debug|Any CPU
		{FCA357D8-5D47-425C-B290-D804DCCEC468}.Debug64|x64.Build.0 = Debug|Any CPU
		{FCA357D8-5D47-425C-B290-D804DCCEC468}.Debug64|x86.ActiveCfg = Debug|Any CPU
		{FCA357D8-5D47-425C-B290-D804DCCEC468}.Debug64|x86.Build.0 = Debug|Any CPU
		{FCA357D8-5D47-425C-B290-D804DCCEC468}.Release|Any CPU.ActiveCfg = Release|Any CPU
		{FCA357D8-5D47-425C-B290-D804DCCEC468}.Release|Any CPU.Build.0 = Release|Any CPU
		{FCA357D8-5D47-425C-B290-D804DCCEC468}.Release|x64.ActiveCfg = Release|Any CPU
		{FCA357D8-5D47-425C-B290-D804DCCEC468}.Release|x64.Build.0 = Release|Any CPU
		{FCA357D8-5D47-425C-B290-D804DCCEC468}.Release|x86.ActiveCfg = Release|Any CPU
		{FCA357D8-5D47-425C-B290-D804DCCEC468}.Release|x86.Build.0 = Release|Any CPU
	EndGlobalSection
	GlobalSection(SolutionProperties) = preSolution
		HideSolutionNode = FALSE
	EndGlobalSection
	GlobalSection(NestedProjects) = preSolution
		{BFB66A77-3ECA-45D2-9865-A558CF11E55C} = {2FD0EE65-0654-4C1D-97FE-C04FDBA2338E}
		{2C774A7E-DD9C-4C53-A07B-B8B329691646} = {2FD0EE65-0654-4C1D-97FE-C04FDBA2338E}
		{C4E0DF0D-A037-4C7A-9AE2-C6E52863D847} = {2FD0EE65-0654-4C1D-97FE-C04FDBA2338E}
		{E3989160-0269-4EEC-BC5C-C8FF4DB2F901} = {2FD0EE65-0654-4C1D-97FE-C04FDBA2338E}
		{2FEA1F7C-0A8B-4341-8AD5-ECE7A85044AF} = {2CE620AE-F5E0-4EEE-A070-D7BD82227691}
		{1C4BA4A3-E12A-4925-9CB4-85451F026A58} = {2FD0EE65-0654-4C1D-97FE-C04FDBA2338E}
	EndGlobalSection
	GlobalSection(ExtensibilityGlobals) = postSolution
		SolutionGuid = {257F6417-7006-40F8-A632-33B6C4D56D61}
	EndGlobalSection
EndGlobal
