<?xml version="1.0" encoding="utf-8"?>
<Project ToolsVersion="4.0" xmlns="http://schemas.microsoft.com/developer/msbuild/2003">
  <ItemGroup>
    <Filter Include="Header Files">
      <UniqueIdentifier>{93995380-89BD-4b04-88EB-625FBE52EBFB}</UniqueIdentifier>
      <Extensions>h;hpp;hxx;hm;inl;inc;xsd</Extensions>
    </Filter>
    <Filter Include="Resource Files">
      <UniqueIdentifier>{67DA6AB6-F800-4c08-8B7A-83BB121AAD01}</UniqueIdentifier>
      <Extensions>rc;ico;cur;bmp;dlg;rc2;rct;bin;rgs;gif;jpg;jpeg;jpe;resx;tiff;tif;png;wav;mfcribbon-ms</Extensions>
    </Filter>
    <Filter Include="Shader Files">
      <UniqueIdentifier>{b30c429a-0660-4fb6-8523-d73c4e6b1603}</UniqueIdentifier>
    </Filter>
    <Filter Include="Shader Files\PassThru">
      <UniqueIdentifier>{4c26414e-b970-4a0c-8c7e-e7977c7b9675}</UniqueIdentifier>
    </Filter>
    <Filter Include="Shader Files\Dof">
      <UniqueIdentifier>{7ace543f-b1a9-48a9-bf37-679eacc0ec3b}</UniqueIdentifier>
    </Filter>
    <Filter Include="Source Files">
      <UniqueIdentifier>{4FC737F1-C7A5-4376-A066-2A32D752A2FF}</UniqueIdentifier>
      <Extensions>cpp;c;cc;cxx;def;odl;idl;hpj;bat;asm;asmx</Extensions>
    </Filter>
    <Filter Include="Shader Files\Skybox">
      <UniqueIdentifier>{3d00757a-12e1-4eff-b6ea-6f6ff2f7d1eb}</UniqueIdentifier>
    </Filter>
    <Filter Include="Shader Files\MotionBlur">
      <UniqueIdentifier>{ec00d575-64c0-4790-8032-b970e1006230}</UniqueIdentifier>
    </Filter>
    <Filter Include="Shader Files\Bloom">
      <UniqueIdentifier>{f1ac3a7a-d62b-4b04-8a22-11743ad52237}</UniqueIdentifier>
    </Filter>
    <Filter Include="Shader Files\Flexboard">
      <UniqueIdentifier>{02dc957f-9c9a-4166-b2f7-6d3acafa8029}</UniqueIdentifier>
    </Filter>
    <Filter Include="Shader Files\GlowFS">
      <UniqueIdentifier>{a4d14714-683c-42e7-ba87-42135ef48722}</UniqueIdentifier>
    </Filter>
    <Filter Include="Shader Files\GlowRTT">
      <UniqueIdentifier>{1eab914c-4f12-4c9d-8b7b-ebddf7db519f}</UniqueIdentifier>
    </Filter>
    <Filter Include="Shader Files\BlinnPhong">
      <UniqueIdentifier>{dece85c8-61f7-4edf-815f-c0f59e859985}</UniqueIdentifier>
    </Filter>
    <Filter Include="Shader Files\Shadow">
      <UniqueIdentifier>{b22be882-5e7f-451c-8718-fe494e88017c}</UniqueIdentifier>
    </Filter>
    <Filter Include="Shader Files\HSL">
      <UniqueIdentifier>{e850b09a-3eec-4a10-8244-5472e1f0099a}</UniqueIdentifier>
    </Filter>
    <Filter Include="Shader Files\SpectrumAnalyzer">
      <UniqueIdentifier>{df1c41ab-7960-4350-801f-fc395d83a217}</UniqueIdentifier>
    </Filter>
    <Filter Include="Shader Files\Streak">
      <UniqueIdentifier>{94e8bb0a-7f20-4ac7-b39f-0f3d44d28e16}</UniqueIdentifier>
    </Filter>
    <Filter Include="Shader Files\EdgeDraw">
      <UniqueIdentifier>{2155d413-031b-44a4-986b-8392146e1ad0}</UniqueIdentifier>
    </Filter>
    <Filter Include="Shader Files\Transition">
      <UniqueIdentifier>{cfe253f3-ccec-4109-b3c3-12e44c1bffd2}</UniqueIdentifier>
    </Filter>
  </ItemGroup>
  <ItemGroup>
    <Text Include="ReadMe.txt" />
  </ItemGroup>
  <ItemGroup>
    <ClInclude Include="stdafx.h">
      <Filter>Header Files</Filter>
    </ClInclude>
    <ClInclude Include="targetver.h">
      <Filter>Header Files</Filter>
    </ClInclude>
    <ClInclude Include="ContentImporter.h">
      <Filter>Header Files</Filter>
    </ClInclude>
    <ClInclude Include="MarshableDXTypes.h">
      <Filter>Header Files</Filter>
    </ClInclude>
    <ClInclude Include="XAudio2StreamManager.h">
      <Filter>Header Files</Filter>
    </ClInclude>
    <ClInclude Include="AuroraNative.h">
      <Filter>Header Files</Filter>
    </ClInclude>
  </ItemGroup>
  <ItemGroup>
    <ClCompile Include="stdafx.cpp">
      <Filter>Source Files</Filter>
    </ClCompile>
    <ClCompile Include="dllmain.cpp">
      <Filter>Source Files</Filter>
    </ClCompile>
    <ClCompile Include="ContentImporter.cpp">
      <Filter>Source Files</Filter>
    </ClCompile>
    <ClCompile Include="SpriteFont.cpp">
      <Filter>Source Files</Filter>
    </ClCompile>
    <ClCompile Include="SpriteBatch.cpp">
      <Filter>Source Files</Filter>
    </ClCompile>
    <ClCompile Include="BasicEffect.cpp">
      <Filter>Source Files</Filter>
    </ClCompile>
    <ClCompile Include="SkinnedEffect.cpp">
      <Filter>Source Files</Filter>
    </ClCompile>
    <ClCompile Include="XAudio2StreamingManager.cpp">
      <Filter>Source Files</Filter>
    </ClCompile>
    <ClCompile Include="AuroraNative.cpp">
      <Filter>Source Files</Filter>
    </ClCompile>
  </ItemGroup>
  <ItemGroup>
    <FxCompile Include="postglowfs-x1x2-ps.hlsl">
      <Filter>Shader Files\GlowFS</Filter>
    </FxCompile>
    <FxCompile Include="postglowfs-x1-vs.hlsl">
      <Filter>Shader Files\GlowFS</Filter>
    </FxCompile>
    <FxCompile Include="postglowfs-x2-vs.hlsl">
      <Filter>Shader Files\GlowFS</Filter>
    </FxCompile>
    <FxCompile Include="postglowfs-x3-vs.hlsl">
      <Filter>Shader Files\GlowFS</Filter>
    </FxCompile>
    <FxCompile Include="postglowfs-x3-ps.hlsl">
      <Filter>Shader Files\GlowFS</Filter>
    </FxCompile>
    <FxCompile Include="postpassthru-ps.hlsl">
      <Filter>Shader Files\PassThru</Filter>
    </FxCompile>
    <FxCompile Include="postpassthru-vs.hlsl">
      <Filter>Shader Files\PassThru</Filter>
    </FxCompile>
    <FxCompile Include="dof_downsample_vs.hlsl">
      <Filter>Shader Files\Dof</Filter>
    </FxCompile>
    <FxCompile Include="dof_downsample_ps.hlsl">
      <Filter>Shader Files\Dof</Filter>
    </FxCompile>
    <FxCompile Include="dof_gaussian_ps.hlsl">
      <Filter>Shader Files\Dof</Filter>
    </FxCompile>
    <FxCompile Include="dof_depthfinal1_vs.hlsl">
      <Filter>Shader Files\Dof</Filter>
    </FxCompile>
    <FxCompile Include="dof_depthfinal1_ps.hlsl">
      <Filter>Shader Files\Dof</Filter>
    </FxCompile>
    <FxCompile Include="dof_depthfinal2_vs.hlsl">
      <Filter>Shader Files\Dof</Filter>
    </FxCompile>
    <FxCompile Include="dof_depthfinal2_ps.hlsl">
      <Filter>Shader Files\Dof</Filter>
    </FxCompile>
    <FxCompile Include="dof_lighting_vs.hlsl">
      <Filter>Shader Files\Dof</Filter>
    </FxCompile>
    <FxCompile Include="dof_lighting_ps.hlsl">
      <Filter>Shader Files\Dof</Filter>
    </FxCompile>
    <FxCompile Include="dof_gaussian_vs.hlsl">
      <Filter>Shader Files\Dof</Filter>
    </FxCompile>
    <FxCompile Include="dof_gaussian2_ps.hlsl">
      <Filter>Shader Files\Dof</Filter>
    </FxCompile>
    <FxCompile Include="msbloom-combine-ps.hlsl">
      <Filter>Shader Files\Bloom</Filter>
    </FxCompile>
    <FxCompile Include="msbloom-extract-ps.hlsl">
      <Filter>Shader Files\Bloom</Filter>
    </FxCompile>
    <FxCompile Include="motionblur-combine-ps.hlsl">
      <Filter>Shader Files\MotionBlur</Filter>
    </FxCompile>
    <FxCompile Include="skysphere-ps.hlsl">
      <Filter>Shader Files\Skybox</Filter>
    </FxCompile>
    <FxCompile Include="skysphere-vs.hlsl">
      <Filter>Shader Files\Skybox</Filter>
    </FxCompile>
    <FxCompile Include="flexboard-vs.hlsl">
      <Filter>Shader Files\Flexboard</Filter>
    </FxCompile>
    <FxCompile Include="flexboard-ps.hlsl">
      <Filter>Shader Files\Flexboard</Filter>
    </FxCompile>
    <FxCompile Include="msbloom-guassian-ps.hlsl">
      <Filter>Shader Files\Bloom</Filter>
    </FxCompile>
    <FxCompile Include="postpassthru-fix-vs.hlsl">
      <Filter>Shader Files\PassThru</Filter>
    </FxCompile>
    <FxCompile Include="glowrtt-horz9-vs.hlsl">
      <Filter>Shader Files\GlowRTT</Filter>
    </FxCompile>
    <FxCompile Include="glowrtt-vert9-vs.hlsl">
      <Filter>Shader Files\GlowRTT</Filter>
    </FxCompile>
    <FxCompile Include="glowrtt-blur-ps.hlsl">
      <Filter>Shader Files\GlowRTT</Filter>
    </FxCompile>
    <FxCompile Include="glowrtt-glow.hlsl">
      <Filter>Shader Files\GlowRTT</Filter>
    </FxCompile>
    <FxCompile Include="blinnphong2-ps.hlsl">
      <Filter>Shader Files\BlinnPhong</Filter>
    </FxCompile>
    <FxCompile Include="pcss-create_vs.hlsl">
      <Filter>Shader Files\Shadow</Filter>
    </FxCompile>
    <FxCompile Include="pcss-create-ps.hlsl">
      <Filter>Shader Files\Shadow</Filter>
    </FxCompile>
    <FxCompile Include="pcss-apply-vs.hlsl">
      <Filter>Shader Files\Shadow</Filter>
    </FxCompile>
    <FxCompile Include="pcss-apply-ps.hlsl">
      <Filter>Shader Files\Shadow</Filter>
    </FxCompile>
    <FxCompile Include="blinnphong2-skin-vs.hlsl">
      <Filter>Shader Files\BlinnPhong</Filter>
    </FxCompile>
    <FxCompile Include="blinnphong2-pnt-vs.hlsl">
      <Filter>Shader Files\BlinnPhong</Filter>
    </FxCompile>
    <FxCompile Include="blinnphong2-pnta-vs.hlsl">
      <Filter>Shader Files\BlinnPhong</Filter>
    </FxCompile>
    <FxCompile Include="blinnphong2-pnc-vs.hlsl">
      <Filter>Shader Files\BlinnPhong</Filter>
    </FxCompile>
    <FxCompile Include="blinnphong2-p-pnc-vs.hlsl">
      <Filter>Shader Files\BlinnPhong</Filter>
    </FxCompile>
    <FxCompile Include="spectrum-analyzer-ps.hlsl">
      <Filter>Shader Files\SpectrumAnalyzer</Filter>
    </FxCompile>
    <FxCompile Include="streak_ps.hlsl">
      <Filter>Shader Files\Streak</Filter>
    </FxCompile>
    <FxCompile Include="streak_vs.hlsl">
      <Filter>Shader Files\Streak</Filter>
    </FxCompile>
    <FxCompile Include="edgedraw-ps.hlsl">
      <Filter>Shader Files\EdgeDraw</Filter>
    </FxCompile>
    <FxCompile Include="edgedraw-gs.hlsl">
      <Filter>Shader Files\EdgeDraw</Filter>
    </FxCompile>
    <FxCompile Include="edgedraw-vs.hlsl">
      <Filter>Shader Files\EdgeDraw</Filter>
    </FxCompile>
    <FxCompile Include="position_color-sp-vs.hlsl" />
    <FxCompile Include="position_color-sp-ps.hlsl" />
    <FxCompile Include="flat-ps.hlsl" />
    <FxCompile Include="flat-pc-vs.hlsl" />
    <FxCompile Include="flat-i-pt-vs.hlsl" />
    <FxCompile Include="flat-i-pc-vs.hlsl" />
    <FxCompile Include="flat-pt-vs.hlsl" />
    <FxCompile Include="blinnphong2-p-pnt-vs.hlsl">
      <Filter>Shader Files\BlinnPhong</Filter>
    </FxCompile>
    <FxCompile Include="flat-skinc-vs.hlsl" />
    <FxCompile Include="flat-skinct-vs.hlsl" />
    <FxCompile Include="flat-pnc-vs.hlsl" />
    <FxCompile Include="transition-wipe.hlsl">
      <Filter>Shader Files\Transition</Filter>
    </FxCompile>
  </ItemGroup>
  <ItemGroup>
    <None Include="postglowfs-inc.hlsli">
      <Filter>Shader Files\GlowFS</Filter>
    </None>
    <None Include="pcss-apply-inc.hlsli">
      <Filter>Shader Files\Shadow</Filter>
    </None>
    <None Include="blinnphong2-vs.hlsli">
      <Filter>Shader Files\BlinnPhong</Filter>
    </None>
    <None Include="color_model_convert.hlsli">
      <Filter>Shader Files\HSL</Filter>
    </None>
    <None Include="packages.config" />
    <None Include="glowrtt.hlsli">
      <Filter>Shader Files\GlowRTT</Filter>
    </None>
    <None Include="flat-vs.hlsli" />
  </ItemGroup>
</Project>